
Microsoft Visual Studio Solution File, Format Version 12.00
# Visual Studio Version 16
VisualStudioVersion = 16.0.29709.97
MinimumVisualStudioVersion = 10.0.40219.1
Project("{FAE04EC0-301F-11D3-BF4B-00C04F79EFBC}") = "ConsidKompetens_Web", "ConsidKompetens_Web\ConsidKompetens_Web.csproj", "{F6A85BF5-75D5-4B53-A674-CB73B67EA3ED}"
EndProject
Project("{FAE04EC0-301F-11D3-BF4B-00C04F79EFBC}") = "ConsidKompetens_Core", "ConsidKompetens_Core\ConsidKompetens_Core.csproj", "{E577DDDF-47D6-4A2E-8F6C-625F70C15E60}"
EndProject
Project("{FAE04EC0-301F-11D3-BF4B-00C04F79EFBC}") = "ConsidKompetens_Services", "ConsidKompetens_Services\ConsidKompetens_Services.csproj", "{D9F62613-17F6-4F47-BC79-2E78369D8109}"
EndProject
Project("{FAE04EC0-301F-11D3-BF4B-00C04F79EFBC}") = "ConsidKompetens_Data", "ConsidKompetens_Data\ConsidKompetens_Data.csproj", "{3BF7FC3F-2E0C-49D2-BC40-AF522DD36DB4}"
EndProject
Global
	GlobalSection(SolutionConfigurationPlatforms) = preSolution
		Debug|Any CPU = Debug|Any CPU
		Release|Any CPU = Release|Any CPU
	EndGlobalSection
	GlobalSection(ProjectConfigurationPlatforms) = postSolution
		{F6A85BF5-75D5-4B53-A674-CB73B67EA3ED}.Debug|Any CPU.ActiveCfg = Debug|Any CPU
		{F6A85BF5-75D5-4B53-A674-CB73B67EA3ED}.Debug|Any CPU.Build.0 = Debug|Any CPU
		{F6A85BF5-75D5-4B53-A674-CB73B67EA3ED}.Release|Any CPU.ActiveCfg = Release|Any CPU
		{F6A85BF5-75D5-4B53-A674-CB73B67EA3ED}.Release|Any CPU.Build.0 = Release|Any CPU
		{E577DDDF-47D6-4A2E-8F6C-625F70C15E60}.Debug|Any CPU.ActiveCfg = Debug|Any CPU
		{E577DDDF-47D6-4A2E-8F6C-625F70C15E60}.Debug|Any CPU.Build.0 = Debug|Any CPU
		{E577DDDF-47D6-4A2E-8F6C-625F70C15E60}.Release|Any CPU.ActiveCfg = Release|Any CPU
		{E577DDDF-47D6-4A2E-8F6C-625F70C15E60}.Release|Any CPU.Build.0 = Release|Any CPU
		{D9F62613-17F6-4F47-BC79-2E78369D8109}.Debug|Any CPU.ActiveCfg = Debug|Any CPU
		{D9F62613-17F6-4F47-BC79-2E78369D8109}.Debug|Any CPU.Build.0 = Debug|Any CPU
		{D9F62613-17F6-4F47-BC79-2E78369D8109}.Release|Any CPU.ActiveCfg = Release|Any CPU
		{D9F62613-17F6-4F47-BC79-2E78369D8109}.Release|Any CPU.Build.0 = Release|Any CPU
		{3BF7FC3F-2E0C-49D2-BC40-AF522DD36DB4}.Debug|Any CPU.ActiveCfg = Debug|Any CPU
		{3BF7FC3F-2E0C-49D2-BC40-AF522DD36DB4}.Debug|Any CPU.Build.0 = Debug|Any CPU
		{3BF7FC3F-2E0C-49D2-BC40-AF522DD36DB4}.Release|Any CPU.ActiveCfg = Release|Any CPU
		{3BF7FC3F-2E0C-49D2-BC40-AF522DD36DB4}.Release|Any CPU.Build.0 = Release|Any CPU
	EndGlobalSection
	GlobalSection(SolutionProperties) = preSolution
		HideSolutionNode = FALSE
	EndGlobalSection
	GlobalSection(ExtensibilityGlobals) = postSolution
		SolutionGuid = {8DE7133B-DD8B-4E05-895F-AA890BFACCC4}
	EndGlobalSection
EndGlobal
